// !$*UTF8*$!
{
	archiveVersion = 1;
	classes = {
	};
	objectVersion = 46;
	objects = {

/* Begin PBXBuildFile section */
		6A1E0AA41D36D42800D3D29B /* AppDelegate.swift in Sources */ = {isa = PBXBuildFile; fileRef = 6A1E0AA31D36D42800D3D29B /* AppDelegate.swift */; };
		6A1E0AA61D36D42800D3D29B /* MapViewController.swift in Sources */ = {isa = PBXBuildFile; fileRef = 6A1E0AA51D36D42800D3D29B /* MapViewController.swift */; };
		6A1E0AA81D36D42800D3D29B /* ListViewController.swift in Sources */ = {isa = PBXBuildFile; fileRef = 6A1E0AA71D36D42800D3D29B /* ListViewController.swift */; };
		6A1E0AAB1D36D42800D3D29B /* Main.storyboard in Resources */ = {isa = PBXBuildFile; fileRef = 6A1E0AA91D36D42800D3D29B /* Main.storyboard */; };
		6A1E0AAD1D36D42800D3D29B /* Assets.xcassets in Resources */ = {isa = PBXBuildFile; fileRef = 6A1E0AAC1D36D42800D3D29B /* Assets.xcassets */; };
		6A1E0AB01D36D42800D3D29B /* LaunchScreen.storyboard in Resources */ = {isa = PBXBuildFile; fileRef = 6A1E0AAE1D36D42800D3D29B /* LaunchScreen.storyboard */; };
		6A1E0AB81D36D8A400D3D29B /* MapKit.framework in Frameworks */ = {isa = PBXBuildFile; fileRef = 6A1E0AB71D36D8A400D3D29B /* MapKit.framework */; };
		6A1E0ABA1D37B7B900D3D29B /* UdacityClient.swift in Sources */ = {isa = PBXBuildFile; fileRef = 6A1E0AB91D37B7B900D3D29B /* UdacityClient.swift */; };
		6A7B27D31D5395C600262D21 /* InformationPostingView.swift in Sources */ = {isa = PBXBuildFile; fileRef = 6A7B27D21D5395C600262D21 /* InformationPostingView.swift */; };
		6AA12A631D54495F00AEDB4F /* Annotation.swift in Sources */ = {isa = PBXBuildFile; fileRef = 6AA12A621D54495F00AEDB4F /* Annotation.swift */; };
		6ABCF28F1D46C0CB00F91CC0 /* UdacityConstants.swift in Sources */ = {isa = PBXBuildFile; fileRef = 6ABCF28E1D46C0CB00F91CC0 /* UdacityConstants.swift */; };
		6ABCF2931D48138C00F91CC0 /* LoginViewController.swift in Sources */ = {isa = PBXBuildFile; fileRef = 6ABCF2921D48138C00F91CC0 /* LoginViewController.swift */; };
		6ABCF2971D48E91400F91CC0 /* ParseClient.swift in Sources */ = {isa = PBXBuildFile; fileRef = 6ABCF2961D48E91400F91CC0 /* ParseClient.swift */; };
		6ABCF2991D48E96D00F91CC0 /* ParseConstants.swift in Sources */ = {isa = PBXBuildFile; fileRef = 6ABCF2981D48E96D00F91CC0 /* ParseConstants.swift */; };
		6ABCF29B1D49545A00F91CC0 /* StudentInformation.swift in Sources */ = {isa = PBXBuildFile; fileRef = 6ABCF29A1D49545A00F91CC0 /* StudentInformation.swift */; };
		6ABCF2A31D4FFAF600F91CC0 /* GCDBlackBox.swift in Sources */ = {isa = PBXBuildFile; fileRef = 6ABCF2A21D4FFAF600F91CC0 /* GCDBlackBox.swift */; };
		6ABCF2A51D50123A00F91CC0 /* UdacityConvenience.swift in Sources */ = {isa = PBXBuildFile; fileRef = 6ABCF2A41D50123A00F91CC0 /* UdacityConvenience.swift */; };
		6ABCF2A71D5246C000F91CC0 /* ParseConvenience.swift in Sources */ = {isa = PBXBuildFile; fileRef = 6ABCF2A61D5246C000F91CC0 /* ParseConvenience.swift */; };
/* End PBXBuildFile section */

/* Begin PBXFileReference section */
		6A1E0AA01D36D42800D3D29B /* On The Map.app */ = {isa = PBXFileReference; explicitFileType = wrapper.application; includeInIndex = 0; path = "On The Map.app"; sourceTree = BUILT_PRODUCTS_DIR; };
		6A1E0AA31D36D42800D3D29B /* AppDelegate.swift */ = {isa = PBXFileReference; lastKnownFileType = sourcecode.swift; path = AppDelegate.swift; sourceTree = "<group>"; };
		6A1E0AA51D36D42800D3D29B /* MapViewController.swift */ = {isa = PBXFileReference; lastKnownFileType = sourcecode.swift; path = MapViewController.swift; sourceTree = "<group>"; };
		6A1E0AA71D36D42800D3D29B /* ListViewController.swift */ = {isa = PBXFileReference; lastKnownFileType = sourcecode.swift; path = ListViewController.swift; sourceTree = "<group>"; };
		6A1E0AAA1D36D42800D3D29B /* Base */ = {isa = PBXFileReference; lastKnownFileType = file.storyboard; name = Base; path = Base.lproj/Main.storyboard; sourceTree = "<group>"; };
		6A1E0AAC1D36D42800D3D29B /* Assets.xcassets */ = {isa = PBXFileReference; lastKnownFileType = folder.assetcatalog; path = Assets.xcassets; sourceTree = "<group>"; };
		6A1E0AAF1D36D42800D3D29B /* Base */ = {isa = PBXFileReference; lastKnownFileType = file.storyboard; name = Base; path = Base.lproj/LaunchScreen.storyboard; sourceTree = "<group>"; };
		6A1E0AB11D36D42800D3D29B /* Info.plist */ = {isa = PBXFileReference; lastKnownFileType = text.plist.xml; path = Info.plist; sourceTree = "<group>"; };
		6A1E0AB71D36D8A400D3D29B /* MapKit.framework */ = {isa = PBXFileReference; lastKnownFileType = wrapper.framework; name = MapKit.framework; path = System/Library/Frameworks/MapKit.framework; sourceTree = SDKROOT; };
		6A1E0AB91D37B7B900D3D29B /* UdacityClient.swift */ = {isa = PBXFileReference; fileEncoding = 4; lastKnownFileType = sourcecode.swift; path = UdacityClient.swift; sourceTree = "<group>"; };
		6A7B27D21D5395C600262D21 /* InformationPostingView.swift */ = {isa = PBXFileReference; fileEncoding = 4; lastKnownFileType = sourcecode.swift; path = InformationPostingView.swift; sourceTree = "<group>"; };
		6AA12A621D54495F00AEDB4F /* Annotation.swift */ = {isa = PBXFileReference; fileEncoding = 4; lastKnownFileType = sourcecode.swift; path = Annotation.swift; sourceTree = "<group>"; };
		6ABCF28E1D46C0CB00F91CC0 /* UdacityConstants.swift */ = {isa = PBXFileReference; fileEncoding = 4; lastKnownFileType = sourcecode.swift; path = UdacityConstants.swift; sourceTree = "<group>"; };
		6ABCF2921D48138C00F91CC0 /* LoginViewController.swift */ = {isa = PBXFileReference; fileEncoding = 4; lastKnownFileType = sourcecode.swift; path = LoginViewController.swift; sourceTree = "<group>"; };
		6ABCF2961D48E91400F91CC0 /* ParseClient.swift */ = {isa = PBXFileReference; fileEncoding = 4; lastKnownFileType = sourcecode.swift; path = ParseClient.swift; sourceTree = "<group>"; };
		6ABCF2981D48E96D00F91CC0 /* ParseConstants.swift */ = {isa = PBXFileReference; fileEncoding = 4; lastKnownFileType = sourcecode.swift; path = ParseConstants.swift; sourceTree = "<group>"; };
		6ABCF29A1D49545A00F91CC0 /* StudentInformation.swift */ = {isa = PBXFileReference; fileEncoding = 4; lastKnownFileType = sourcecode.swift; path = StudentInformation.swift; sourceTree = "<group>"; };
		6ABCF2A21D4FFAF600F91CC0 /* GCDBlackBox.swift */ = {isa = PBXFileReference; fileEncoding = 4; lastKnownFileType = sourcecode.swift; path = GCDBlackBox.swift; sourceTree = "<group>"; };
		6ABCF2A41D50123A00F91CC0 /* UdacityConvenience.swift */ = {isa = PBXFileReference; fileEncoding = 4; lastKnownFileType = sourcecode.swift; path = UdacityConvenience.swift; sourceTree = "<group>"; };
		6ABCF2A61D5246C000F91CC0 /* ParseConvenience.swift */ = {isa = PBXFileReference; fileEncoding = 4; lastKnownFileType = sourcecode.swift; path = ParseConvenience.swift; sourceTree = "<group>"; };
/* End PBXFileReference section */

/* Begin PBXFrameworksBuildPhase section */
		6A1E0A9D1D36D42800D3D29B /* Frameworks */ = {
			isa = PBXFrameworksBuildPhase;
			buildActionMask = 2147483647;
			files = (
				6A1E0AB81D36D8A400D3D29B /* MapKit.framework in Frameworks */,
			);
			runOnlyForDeploymentPostprocessing = 0;
		};
/* End PBXFrameworksBuildPhase section */

/* Begin PBXGroup section */
		6A1E0A971D36D42800D3D29B = {
			isa = PBXGroup;
			children = (
				6A1E0AB71D36D8A400D3D29B /* MapKit.framework */,
				6A1E0AA21D36D42800D3D29B /* On The Map */,
				6A1E0AA11D36D42800D3D29B /* Products */,
			);
			sourceTree = "<group>";
		};
		6A1E0AA11D36D42800D3D29B /* Products */ = {
			isa = PBXGroup;
			children = (
				6A1E0AA01D36D42800D3D29B /* On The Map.app */,
			);
			name = Products;
			sourceTree = "<group>";
		};
		6A1E0AA21D36D42800D3D29B /* On The Map */ = {
			isa = PBXGroup;
			children = (
				6ABCF2A21D4FFAF600F91CC0 /* GCDBlackBox.swift */,
				6A1E0AA31D36D42800D3D29B /* AppDelegate.swift */,
				6A1E0AA51D36D42800D3D29B /* MapViewController.swift */,
				6AA12A621D54495F00AEDB4F /* Annotation.swift */,
				6A1E0AA71D36D42800D3D29B /* ListViewController.swift */,
				6ABCF2921D48138C00F91CC0 /* LoginViewController.swift */,
				6A1E0AA91D36D42800D3D29B /* Main.storyboard */,
				6A7B27D21D5395C600262D21 /* InformationPostingView.swift */,
				6ABCF29A1D49545A00F91CC0 /* StudentInformation.swift */,
				6ABCF28A1D46772800F91CC0 /* Clients */,
				6A1E0AAC1D36D42800D3D29B /* Assets.xcassets */,
				6A1E0AAE1D36D42800D3D29B /* LaunchScreen.storyboard */,
				6A1E0AB11D36D42800D3D29B /* Info.plist */,
			);
			path = "On The Map";
			sourceTree = "<group>";
		};
		6ABCF28A1D46772800F91CC0 /* Clients */ = {
			isa = PBXGroup;
			children = (
				6ABCF2951D48E8FE00F91CC0 /* Parse */,
				6ABCF28B1D46777A00F91CC0 /* Udacity */,
			);
			name = Clients;
			sourceTree = "<group>";
		};
		6ABCF28B1D46777A00F91CC0 /* Udacity */ = {
			isa = PBXGroup;
			children = (
				6ABCF2A41D50123A00F91CC0 /* UdacityConvenience.swift */,
				6A1E0AB91D37B7B900D3D29B /* UdacityClient.swift */,
				6ABCF28E1D46C0CB00F91CC0 /* UdacityConstants.swift */,
			);
			name = Udacity;
			sourceTree = "<group>";
		};
		6ABCF2951D48E8FE00F91CC0 /* Parse */ = {
			isa = PBXGroup;
			children = (
				6ABCF2961D48E91400F91CC0 /* ParseClient.swift */,
				6ABCF2A61D5246C000F91CC0 /* ParseConvenience.swift */,
				6ABCF2981D48E96D00F91CC0 /* ParseConstants.swift */,
			);
			name = Parse;
			sourceTree = "<group>";
		};
/* End PBXGroup section */

/* Begin PBXNativeTarget section */
		6A1E0A9F1D36D42800D3D29B /* On The Map */ = {
			isa = PBXNativeTarget;
			buildConfigurationList = 6A1E0AB41D36D42800D3D29B /* Build configuration list for PBXNativeTarget "On The Map" */;
			buildPhases = (
				6A1E0A9C1D36D42800D3D29B /* Sources */,
				6A1E0A9D1D36D42800D3D29B /* Frameworks */,
				6A1E0A9E1D36D42800D3D29B /* Resources */,
			);
			buildRules = (
			);
			dependencies = (
			);
			name = "On The Map";
			productName = "On The Map";
			productReference = 6A1E0AA01D36D42800D3D29B /* On The Map.app */;
			productType = "com.apple.product-type.application";
		};
/* End PBXNativeTarget section */

/* Begin PBXProject section */
		6A1E0A981D36D42800D3D29B /* Project object */ = {
			isa = PBXProject;
			attributes = {
				LastSwiftUpdateCheck = 0730;
				LastUpgradeCheck = 0730;
				ORGANIZATIONNAME = "Shukti Shaikh";
				TargetAttributes = {
					6A1E0A9F1D36D42800D3D29B = {
						CreatedOnToolsVersion = 7.3.1;
					};
				};
			};
			buildConfigurationList = 6A1E0A9B1D36D42800D3D29B /* Build configuration list for PBXProject "On The Map" */;
			compatibilityVersion = "Xcode 3.2";
			developmentRegion = English;
			hasScannedForEncodings = 0;
			knownRegions = (
				en,
				Base,
			);
			mainGroup = 6A1E0A971D36D42800D3D29B;
			productRefGroup = 6A1E0AA11D36D42800D3D29B /* Products */;
			projectDirPath = "";
			projectRoot = "";
			targets = (
				6A1E0A9F1D36D42800D3D29B /* On The Map */,
			);
		};
/* End PBXProject section */

/* Begin PBXResourcesBuildPhase section */
		6A1E0A9E1D36D42800D3D29B /* Resources */ = {
			isa = PBXResourcesBuildPhase;
			buildActionMask = 2147483647;
			files = (
				6A1E0AB01D36D42800D3D29B /* LaunchScreen.storyboard in Resources */,
				6A1E0AAD1D36D42800D3D29B /* Assets.xcassets in Resources */,
				6A1E0AAB1D36D42800D3D29B /* Main.storyboard in Resources */,
			);
			runOnlyForDeploymentPostprocessing = 0;
		};
/* End PBXResourcesBuildPhase section */

/* Begin PBXSourcesBuildPhase section */
		6A1E0A9C1D36D42800D3D29B /* Sources */ = {
			isa = PBXSourcesBuildPhase;
			buildActionMask = 2147483647;
			files = (
				6ABCF2931D48138C00F91CC0 /* LoginViewController.swift in Sources */,
				6ABCF2A71D5246C000F91CC0 /* ParseConvenience.swift in Sources */,
				6A1E0ABA1D37B7B900D3D29B /* UdacityClient.swift in Sources */,
				6ABCF28F1D46C0CB00F91CC0 /* UdacityConstants.swift in Sources */,
				6ABCF2A31D4FFAF600F91CC0 /* GCDBlackBox.swift in Sources */,
				6A1E0AA81D36D42800D3D29B /* ListViewController.swift in Sources */,
				6A1E0AA41D36D42800D3D29B /* AppDelegate.swift in Sources */,
				6ABCF2991D48E96D00F91CC0 /* ParseConstants.swift in Sources */,
				6ABCF2971D48E91400F91CC0 /* ParseClient.swift in Sources */,
				6ABCF29B1D49545A00F91CC0 /* StudentInformation.swift in Sources */,
				6ABCF2A51D50123A00F91CC0 /* UdacityConvenience.swift in Sources */,
				6A7B27D31D5395C600262D21 /* InformationPostingView.swift in Sources */,
				6AA12A631D54495F00AEDB4F /* Annotation.swift in Sources */,
				6A1E0AA61D36D42800D3D29B /* MapViewController.swift in Sources */,
			);
			runOnlyForDeploymentPostprocessing = 0;
		};
/* End PBXSourcesBuildPhase section */

/* Begin PBXVariantGroup section */
		6A1E0AA91D36D42800D3D29B /* Main.storyboard */ = {
			isa = PBXVariantGroup;
			children = (
				6A1E0AAA1D36D42800D3D29B /* Base */,
			);
			name = Main.storyboard;
			sourceTree = "<group>";
		};
		6A1E0AAE1D36D42800D3D29B /* LaunchScreen.storyboard */ = {
			isa = PBXVariantGroup;
			children = (
				6A1E0AAF1D36D42800D3D29B /* Base */,
			);
			name = LaunchScreen.storyboard;
			sourceTree = "<group>";
		};
/* End PBXVariantGroup section */

/* Begin XCBuildConfiguration section */
		6A1E0AB21D36D42800D3D29B /* Debug */ = {
			isa = XCBuildConfiguration;
			buildSettings = {
				ALWAYS_SEARCH_USER_PATHS = NO;
				CLANG_ANALYZER_NONNULL = YES;
				CLANG_CXX_LANGUAGE_STANDARD = "gnu++0x";
				CLANG_CXX_LIBRARY = "libc++";
				CLANG_ENABLE_MODULES = YES;
				CLANG_ENABLE_OBJC_ARC = YES;
				CLANG_WARN_BOOL_CONVERSION = YES;
				CLANG_WARN_CONSTANT_CONVERSION = YES;
				CLANG_WARN_DIRECT_OBJC_ISA_USAGE = YES_ERROR;
				CLANG_WARN_EMPTY_BODY = YES;
				CLANG_WARN_ENUM_CONVERSION = YES;
				CLANG_WARN_INT_CONVERSION = YES;
				CLANG_WARN_OBJC_ROOT_CLASS = YES_ERROR;
				CLANG_WARN_UNREACHABLE_CODE = YES;
				CLANG_WARN__DUPLICATE_METHOD_MATCH = YES;
				"CODE_SIGN_IDENTITY[sdk=iphoneos*]" = "iPhone Developer";
				COPY_PHASE_STRIP = NO;
				DEBUG_INFORMATION_FORMAT = dwarf;
				ENABLE_STRICT_OBJC_MSGSEND = YES;
				ENABLE_TESTABILITY = YES;
				GCC_C_LANGUAGE_STANDARD = gnu99;
				GCC_DYNAMIC_NO_PIC = NO;
				GCC_NO_COMMON_BLOCKS = YES;
				GCC_OPTIMIZATION_LEVEL = 0;
				GCC_PREPROCESSOR_DEFINITIONS = (
					"DEBUG=1",
					"$(inherited)",
				);
				GCC_WARN_64_TO_32_BIT_CONVERSION = YES;
				GCC_WARN_ABOUT_RETURN_TYPE = YES_ERROR;
				GCC_WARN_UNDECLARED_SELECTOR = YES;
				GCC_WARN_UNINITIALIZED_AUTOS = YES_AGGRESSIVE;
				GCC_WARN_UNUSED_FUNCTION = YES;
				GCC_WARN_UNUSED_VARIABLE = YES;
				IPHONEOS_DEPLOYMENT_TARGET = 9.3;
				MTL_ENABLE_DEBUG_INFO = YES;
				ONLY_ACTIVE_ARCH = YES;
				SDKROOT = iphoneos;
				SWIFT_OPTIMIZATION_LEVEL = "-Onone";
			};
			name = Debug;
		};
		6A1E0AB31D36D42800D3D29B /* Release */ = {
			isa = XCBuildConfiguration;
			buildSettings = {
				ALWAYS_SEARCH_USER_PATHS = NO;
				CLANG_ANALYZER_NONNULL = YES;
				CLANG_CXX_LANGUAGE_STANDARD = "gnu++0x";
				CLANG_CXX_LIBRARY = "libc++";
				CLANG_ENABLE_MODULES = YES;
				CLANG_ENABLE_OBJC_ARC = YES;
				CLANG_WARN_BOOL_CONVERSION = YES;
				CLANG_WARN_CONSTANT_CONVERSION = YES;
				CLANG_WARN_DIRECT_OBJC_ISA_USAGE = YES_ERROR;
				CLANG_WARN_EMPTY_BODY = YES;
				CLANG_WARN_ENUM_CONVERSION = YES;
				CLANG_WARN_INT_CONVERSION = YES;
				CLANG_WARN_OBJC_ROOT_CLASS = YES_ERROR;
				CLANG_WARN_UNREACHABLE_CODE = YES;
				CLANG_WARN__DUPLICATE_METHOD_MATCH = YES;
				"CODE_SIGN_IDENTITY[sdk=iphoneos*]" = "iPhone Developer";
				COPY_PHASE_STRIP = NO;
				DEBUG_INFORMATION_FORMAT = "dwarf-with-dsym";
				ENABLE_NS_ASSERTIONS = NO;
				ENABLE_STRICT_OBJC_MSGSEND = YES;
				GCC_C_LANGUAGE_STANDARD = gnu99;
				GCC_NO_COMMON_BLOCKS = YES;
				GCC_WARN_64_TO_32_BIT_CONVERSION = YES;
				GCC_WARN_ABOUT_RETURN_TYPE = YES_ERROR;
				GCC_WARN_UNDECLARED_SELECTOR = YES;
				GCC_WARN_UNINITIALIZED_AUTOS = YES_AGGRESSIVE;
				GCC_WARN_UNUSED_FUNCTION = YES;
				GCC_WARN_UNUSED_VARIABLE = YES;
				IPHONEOS_DEPLOYMENT_TARGET = 9.3;
				MTL_ENABLE_DEBUG_INFO = NO;
				SDKROOT = iphoneos;
				VALIDATE_PRODUCT = YES;
			};
			name = Release;
		};
		6A1E0AB51D36D42800D3D29B /* Debug */ = {
			isa = XCBuildConfiguration;
			buildSettings = {
				ASSETCATALOG_COMPILER_APPICON_NAME = AppIcon;
				INFOPLIST_FILE = "On The Map/Info.plist";
				LD_RUNPATH_SEARCH_PATHS = "$(inherited) @executable_path/Frameworks";
				PRODUCT_BUNDLE_IDENTIFIER = "self.edu.On-The-Map";
				PRODUCT_NAME = "$(TARGET_NAME)";
			};
			name = Debug;
		};
		6A1E0AB61D36D42800D3D29B /* Release */ = {
			isa = XCBuildConfiguration;
			buildSettings = {
				ASSETCATALOG_COMPILER_APPICON_NAME = AppIcon;
				INFOPLIST_FILE = "On The Map/Info.plist";
				LD_RUNPATH_SEARCH_PATHS = "$(inherited) @executable_path/Frameworks";
				PRODUCT_BUNDLE_IDENTIFIER = "self.edu.On-The-Map";
				PRODUCT_NAME = "$(TARGET_NAME)";
			};
			name = Release;
		};
/* End XCBuildConfiguration section */

/* Begin XCConfigurationList section */
		6A1E0A9B1D36D42800D3D29B /* Build configuration list for PBXProject "On The Map" */ = {
			isa = XCConfigurationList;
			buildConfigurations = (
				6A1E0AB21D36D42800D3D29B /* Debug */,
				6A1E0AB31D36D42800D3D29B /* Release */,
			);
			defaultConfigurationIsVisible = 0;
			defaultConfigurationName = Release;
		};
		6A1E0AB41D36D42800D3D29B /* Build configuration list for PBXNativeTarget "On The Map" */ = {
			isa = XCConfigurationList;
			buildConfigurations = (
				6A1E0AB51D36D42800D3D29B /* Debug */,
				6A1E0AB61D36D42800D3D29B /* Release */,
			);
			defaultConfigurationIsVisible = 0;
			defaultConfigurationName = Release;
		};
/* End XCConfigurationList section */
	};
	rootObject = 6A1E0A981D36D42800D3D29B /* Project object */;
}
